
Microsoft Visual Studio Solution File, Format Version 12.00
# Visual Studio Version 16
VisualStudioVersion = 16.0.30804.86
MinimumVisualStudioVersion = 10.0.40219.1
Project("{FAE04EC0-301F-11D3-BF4B-00C04F79EFBC}") = "OnTimeWorker.Core", "OnTimeWorker.Core\OnTimeWorker.Core.csproj", "{916B1637-BBDE-4FF7-B6DB-D9AFDD8BF103}"
EndProject
Project("{FAE04EC0-301F-11D3-BF4B-00C04F79EFBC}") = "OnTimeWorker.Infra", "OnTimeWorker.Infra\OnTimeWorker.Infra.csproj", "{838DB1C2-CD9C-4B52-A8F2-115EBCFF4BA8}"
EndProject
Project("{FAE04EC0-301F-11D3-BF4B-00C04F79EFBC}") = "OnTimeWorker.Library", "OnTimeWorker.Library\OnTimeWorker.Library.csproj", "{49A6BC53-8125-4B02-BBC3-08ACBD813F61}"
EndProject
Project("{FAE04EC0-301F-11D3-BF4B-00C04F79EFBC}") = "OnTimeWorker.WebApp", "OnTimeWorker.WebApp\OnTimeWorker.WebApp.csproj", "{B5B1EAE2-B4D7-4F40-AF1F-010BBF803A4D}"
EndProject
Project("{FAE04EC0-301F-11D3-BF4B-00C04F79EFBC}") = "OnTimeWorker.Api", "OnTimeWorker.Api\OnTimeWorker.Api.csproj", "{513D1B6E-CCBB-4481-94B8-91F6389E0771}"
EndProject
Global
	GlobalSection(SolutionConfigurationPlatforms) = preSolution
		Debug|Any CPU = Debug|Any CPU
		Release|Any CPU = Release|Any CPU
	EndGlobalSection
	GlobalSection(ProjectConfigurationPlatforms) = postSolution
		{916B1637-BBDE-4FF7-B6DB-D9AFDD8BF103}.Debug|Any CPU.ActiveCfg = Debug|Any CPU
		{916B1637-BBDE-4FF7-B6DB-D9AFDD8BF103}.Debug|Any CPU.Build.0 = Debug|Any CPU
		{916B1637-BBDE-4FF7-B6DB-D9AFDD8BF103}.Release|Any CPU.ActiveCfg = Release|Any CPU
		{916B1637-BBDE-4FF7-B6DB-D9AFDD8BF103}.Release|Any CPU.Build.0 = Release|Any CPU
		{838DB1C2-CD9C-4B52-A8F2-115EBCFF4BA8}.Debug|Any CPU.ActiveCfg = Debug|Any CPU
		{838DB1C2-CD9C-4B52-A8F2-115EBCFF4BA8}.Debug|Any CPU.Build.0 = Debug|Any CPU
		{838DB1C2-CD9C-4B52-A8F2-115EBCFF4BA8}.Release|Any CPU.ActiveCfg = Release|Any CPU
		{838DB1C2-CD9C-4B52-A8F2-115EBCFF4BA8}.Release|Any CPU.Build.0 = Release|Any CPU
		{49A6BC53-8125-4B02-BBC3-08ACBD813F61}.Debug|Any CPU.ActiveCfg = Debug|Any CPU
		{49A6BC53-8125-4B02-BBC3-08ACBD813F61}.Debug|Any CPU.Build.0 = Debug|Any CPU
		{49A6BC53-8125-4B02-BBC3-08ACBD813F61}.Release|Any CPU.ActiveCfg = Release|Any CPU
		{49A6BC53-8125-4B02-BBC3-08ACBD813F61}.Release|Any CPU.Build.0 = Release|Any CPU
		{B5B1EAE2-B4D7-4F40-AF1F-010BBF803A4D}.Debug|Any CPU.ActiveCfg = Debug|Any CPU
		{B5B1EAE2-B4D7-4F40-AF1F-010BBF803A4D}.Debug|Any CPU.Build.0 = Debug|Any CPU
		{B5B1EAE2-B4D7-4F40-AF1F-010BBF803A4D}.Release|Any CPU.ActiveCfg = Release|Any CPU
		{B5B1EAE2-B4D7-4F40-AF1F-010BBF803A4D}.Release|Any CPU.Build.0 = Release|Any CPU
		{513D1B6E-CCBB-4481-94B8-91F6389E0771}.Debug|Any CPU.ActiveCfg = Debug|Any CPU
		{513D1B6E-CCBB-4481-94B8-91F6389E0771}.Debug|Any CPU.Build.0 = Debug|Any CPU
		{513D1B6E-CCBB-4481-94B8-91F6389E0771}.Release|Any CPU.ActiveCfg = Release|Any CPU
		{513D1B6E-CCBB-4481-94B8-91F6389E0771}.Release|Any CPU.Build.0 = Release|Any CPU
	EndGlobalSection
	GlobalSection(SolutionProperties) = preSolution
		HideSolutionNode = FALSE
	EndGlobalSection
	GlobalSection(ExtensibilityGlobals) = postSolution
		SolutionGuid = {ED94F471-5876-4343-8982-48EC724227B0}
	EndGlobalSection
EndGlobal
